# This file was autogenerated by Stack.
# You should not edit this file by hand.
# For more information, please see the documentation at:
#   https://docs.haskellstack.org/en/stable/lock_files

packages:
- completed:
    hackage: base-noprelude-4.13.0.0@sha256:3cccbfda38e1422ca5cc436d58858ba51ff9114d2ed87915a6569be11e4e5a90,6842
    pantry-tree:
      size: 112
      sha256: 90db92c8401880187ce642c5345407bcbd9546ea235524dd445cab2566ee3db1
  original:
    hackage: base-noprelude-4.13.0.0@sha256:3cccbfda38e1422ca5cc436d58858ba51ff9114d2ed87915a6569be11e4e5a90,6842
- completed:
    hackage: trifecta-2.1@sha256:34c69c2f80b370c81f17bb55ee2ed0b61530cb48338f7a81b0cd95653e9b8325,3966
    pantry-tree:
      size: 1832
      sha256: 5d23fffe86a418999eeff2e868b34ec0e39e05c469d6558ec41bd565d8c52f93
  original:
    hackage: trifecta-2.1@sha256:34c69c2f80b370c81f17bb55ee2ed0b61530cb48338f7a81b0cd95653e9b8325,3966
snapshots:
- completed:
    size: 489011
    url: https://raw.githubusercontent.com/commercialhaskell/stackage-snapshots/master/lts/15/1.yaml
    sha256: d4ecc42b7125d68e4c3c036a08046ad0cd02ae0d9efbe3af2223a00ff8cc16f3
  original: lts-15.1
