# This file was autogenerated by Stack.
# You should not edit this file by hand.
# For more information, please see the documentation at:
#   https://docs.haskellstack.org/en/stable/lock_files

packages:
- completed:
    hackage: base-noprelude-4.13.0.0@sha256:3cccbfda38e1422ca5cc436d58858ba51ff9114d2ed87915a6569be11e4e5a90,6842
    pantry-tree:
      size: 112
      sha256: 90db92c8401880187ce642c5345407bcbd9546ea235524dd445cab2566ee3db1
  original:
    hackage: base-noprelude-4.13.0.0@sha256:3cccbfda38e1422ca5cc436d58858ba51ff9114d2ed87915a6569be11e4e5a90,6842
snapshots:
- completed:
    size: 489011
    url: https://raw.githubusercontent.com/commercialhaskell/stackage-snapshots/master/lts/15/1.yaml
    sha256: d4ecc42b7125d68e4c3c036a08046ad0cd02ae0d9efbe3af2223a00ff8cc16f3
  original: lts-15.1
